
Microsoft Visual Studio Solution File, Format Version 12.00
# Visual Studio Version 17
VisualStudioVersion = 17.3.32929.385
MinimumVisualStudioVersion = 10.0.40219.1
Project("{FAE04EC0-301F-11D3-BF4B-00C04F79EFBC}") = "lab06_2", "lab06_2\lab06_2.csproj", "{DFC29E70-0916-4A31-95E4-0745F74BE27A}"
EndProject
Global
	GlobalSection(SolutionConfigurationPlatforms) = preSolution
		Debug|Any CPU = Debug|Any CPU
		Release|Any CPU = Release|Any CPU
	EndGlobalSection
	GlobalSection(ProjectConfigurationPlatforms) = postSolution
		{DFC29E70-0916-4A31-95E4-0745F74BE27A}.Debug|Any CPU.ActiveCfg = Debug|Any CPU
		{DFC29E70-0916-4A31-95E4-0745F74BE27A}.Debug|Any CPU.Build.0 = Debug|Any CPU
		{DFC29E70-0916-4A31-95E4-0745F74BE27A}.Release|Any CPU.ActiveCfg = Release|Any CPU
		{DFC29E70-0916-4A31-95E4-0745F74BE27A}.Release|Any CPU.Build.0 = Release|Any CPU
	EndGlobalSection
	GlobalSection(SolutionProperties) = preSolution
		HideSolutionNode = FALSE
	EndGlobalSection
	GlobalSection(ExtensibilityGlobals) = postSolution
		SolutionGuid = {4AC9135D-9064-4C56-853B-996DB353E6BF}
	EndGlobalSection
EndGlobal
