
Microsoft Visual Studio Solution File, Format Version 12.00
# Visual Studio Version 17
VisualStudioVersion = 17.3.32929.385
MinimumVisualStudioVersion = 10.0.40219.1
Project("{FAE04EC0-301F-11D3-BF4B-00C04F79EFBC}") = "lab06_1", "lab06_1\lab06_1.csproj", "{98E7E92B-F675-4D78-8CAA-AD736479CFF2}"
EndProject
Global
	GlobalSection(SolutionConfigurationPlatforms) = preSolution
		Debug|Any CPU = Debug|Any CPU
		Release|Any CPU = Release|Any CPU
	EndGlobalSection
	GlobalSection(ProjectConfigurationPlatforms) = postSolution
		{98E7E92B-F675-4D78-8CAA-AD736479CFF2}.Debug|Any CPU.ActiveCfg = Debug|Any CPU
		{98E7E92B-F675-4D78-8CAA-AD736479CFF2}.Debug|Any CPU.Build.0 = Debug|Any CPU
		{98E7E92B-F675-4D78-8CAA-AD736479CFF2}.Release|Any CPU.ActiveCfg = Release|Any CPU
		{98E7E92B-F675-4D78-8CAA-AD736479CFF2}.Release|Any CPU.Build.0 = Release|Any CPU
	EndGlobalSection
	GlobalSection(SolutionProperties) = preSolution
		HideSolutionNode = FALSE
	EndGlobalSection
	GlobalSection(ExtensibilityGlobals) = postSolution
		SolutionGuid = {72B0F7F8-19FE-4F1F-B456-3E107C9D800B}
	EndGlobalSection
EndGlobal
