
Microsoft Visual Studio Solution File, Format Version 12.00
# Visual Studio Version 17
VisualStudioVersion = 17.3.32929.385
MinimumVisualStudioVersion = 10.0.40219.1
Project("{FAE04EC0-301F-11D3-BF4B-00C04F79EFBC}") = "Praktika8", "Praktika8\Praktika8.csproj", "{DB816E6C-3B67-48B9-B594-14FC2B44797E}"
EndProject
Global
	GlobalSection(SolutionConfigurationPlatforms) = preSolution
		Debug|Any CPU = Debug|Any CPU
		Release|Any CPU = Release|Any CPU
	EndGlobalSection
	GlobalSection(ProjectConfigurationPlatforms) = postSolution
		{DB816E6C-3B67-48B9-B594-14FC2B44797E}.Debug|Any CPU.ActiveCfg = Debug|Any CPU
		{DB816E6C-3B67-48B9-B594-14FC2B44797E}.Debug|Any CPU.Build.0 = Debug|Any CPU
		{DB816E6C-3B67-48B9-B594-14FC2B44797E}.Release|Any CPU.ActiveCfg = Release|Any CPU
		{DB816E6C-3B67-48B9-B594-14FC2B44797E}.Release|Any CPU.Build.0 = Release|Any CPU
	EndGlobalSection
	GlobalSection(SolutionProperties) = preSolution
		HideSolutionNode = FALSE
	EndGlobalSection
	GlobalSection(ExtensibilityGlobals) = postSolution
		SolutionGuid = {FB63B224-7942-464A-A5CF-18D3BC75C1C0}
	EndGlobalSection
EndGlobal
